{
  "name": "tank-game",
  "lockfileVersion": 2,
  "requires": true,
  "packages": {
    "": {
      "name": "tank-game",
      "devDependencies": {
        "bun-types": "^0.1.5"
      }
    },
    "node_modules/bun-types": {
      "version": "0.1.5",
      "dev": true
    }
  },
  "dependencies": {
    "bun-types": {
      "version": "0.1.5",
      "dev": true
    }
  }
}
